PODS:
  - appmetrica_plugin (3.4.0):
    - AppMetricaAnalytics (~> 5.14)
    - AppMetricaLibraryAdapter (~> 5.14)
    - Flutter
  - AppMetricaAdSupport (5.16.0):
    - AppMetricaCore (= 5.16.0)
    - AppMetricaCoreExtension (= 5.16.0)
  - AppMetricaAnalytics (5.16.0):
    - AppMetricaAdSupport (= 5.16.0)
    - AppMetricaCore (= 5.16.0)
    - AppMetricaCrashes (= 5.16.0)
    - AppMetricaIDSync (= 5.16.0)
    - AppMetricaScreenshot (= 5.16.0)
    - AppMetricaWebKit (= 5.16.0)
  - AppMetricaCore (5.16.0):
    - AppMetricaCoreUtils (= 5.16.0)
    - AppMetricaEncodingUtils (= 5.16.0)
    - AppMetricaFMDB (= 5.16.0)
    - AppMetricaHostState (= 5.16.0)
    - AppMetricaIdentifiers (= 5.16.0)
    - AppMetricaKeychain (= 5.16.0)
    - AppMetricaLog (= 5.16.0)
    - AppMetricaNetwork (= 5.16.0)
    - AppMetricaPlatform (= 5.16.0)
    - AppMetricaProtobuf (= 5.16.0)
    - AppMetricaProtobufUtils (= 5.16.0)
    - AppMetricaStorageUtils (= 5.16.0)
  - AppMetricaCoreExtension (5.16.0):
    - AppMetricaCore (= 5.16.0)
    - AppMetricaStorageUtils (= 5.16.0)
  - AppMetricaCoreUtils (5.16.0):
    - AppMetricaLog (= 5.16.0)
  - AppMetricaCrashes (5.16.0):
    - AppMetricaCore (= 5.16.0)
    - AppMetricaCoreExtension (= 5.16.0)
    - AppMetricaCoreUtils (= 5.16.0)
    - AppMetricaEncodingUtils (= 5.16.0)
    - AppMetricaHostState (= 5.16.0)
    - AppMetricaLog (= 5.16.0)
    - AppMetricaPlatform (= 5.16.0)
    - AppMetricaProtobufUtils (= 5.16.0)
    - AppMetricaStorageUtils (= 5.16.0)
    - KSCrash/Recording (< 2.2.0, >= 2.1.0)
  - AppMetricaEncodingUtils (5.16.0):
    - AppMetricaCoreUtils (= 5.16.0)
    - AppMetricaLog (= 5.16.0)
    - AppMetricaPlatform (= 5.16.0)
  - AppMetricaFMDB (5.16.0)
  - AppMetricaHostState (5.16.0):
    - AppMetricaCoreUtils (= 5.16.0)
    - AppMetricaLog (= 5.16.0)
  - AppMetricaIdentifiers (5.16.0):
    - AppMetricaKeychain (= 5.16.0)
    - AppMetricaLogSwift (= 5.16.0)
    - AppMetricaPlatform (= 5.16.0)
    - AppMetricaStorageUtils (= 5.16.0)
    - AppMetricaSynchronization (= 5.16.0)
  - AppMetricaIDSync (5.16.0):
    - AppMetricaCore (= 5.16.0)
    - AppMetricaCoreExtension (= 5.16.0)
    - AppMetricaCoreUtils (= 5.16.0)
    - AppMetricaLog (= 5.16.0)
    - AppMetricaNetwork (= 5.16.0)
    - AppMetricaPlatform (= 5.16.0)
    - AppMetricaStorageUtils (= 5.16.0)
  - AppMetricaKeychain (5.16.0):
    - AppMetricaCoreUtils (= 5.16.0)
    - AppMetricaLog (= 5.16.0)
    - AppMetricaStorageUtils (= 5.16.0)
  - AppMetricaLibraryAdapter (5.16.0):
    - AppMetricaCore (= 5.16.0)
    - AppMetricaCoreExtension (= 5.16.0)
  - AppMetricaLog (5.16.0)
  - AppMetricaLogSwift (5.16.0):
    - AppMetricaLog (= 5.16.0)
  - AppMetricaNetwork (5.16.0):
    - AppMetricaCoreUtils (= 5.16.0)
    - AppMetricaLog (= 5.16.0)
    - AppMetricaPlatform (= 5.16.0)
  - AppMetricaPlatform (5.16.0):
    - AppMetricaCoreUtils (= 5.16.0)
    - AppMetricaLog (= 5.16.0)
  - AppMetricaProtobuf (5.16.0)
  - AppMetricaProtobufUtils (5.16.0):
    - AppMetricaProtobuf (= 5.16.0)
  - AppMetricaScreenshot (5.16.0):
    - AppMetricaCore (= 5.16.0)
    - AppMetricaCoreExtension (= 5.16.0)
    - AppMetricaStorageUtils (= 5.16.0)
  - AppMetricaStorageUtils (5.16.0):
    - AppMetricaCoreUtils (= 5.16.0)
    - AppMetricaLog (= 5.16.0)
  - AppMetricaSynchronization (5.16.0):
    - AppMetricaLogSwift (= 5.16.0)
  - AppMetricaWebKit (5.16.0):
    - AppMetricaCore (= 5.16.0)
    - AppMetricaCoreUtils (= 5.16.0)
    - AppMetricaLog (= 5.16.0)
  - Firebase/Analytics (10.25.0):
    - Firebase/Core
  - Firebase/Core (10.25.0):
    - Firebase/CoreOnly
    - FirebaseAnalytics (~> 10.25.0)
  - Firebase/CoreOnly (10.25.0):
    - FirebaseCore (= 10.25.0)
  - firebase_analytics (10.10.7):
    - Firebase/Analytics (= 10.25.0)
    - firebase_core
    - Flutter
  - firebase_core (2.32.0):
    - Firebase/CoreOnly (= 10.25.0)
    - Flutter
  - FirebaseAnalytics (10.25.0):
    - FirebaseAnalytics/AdIdSupport (= 10.25.0)
    - FirebaseCore (~> 10.0)
    - FirebaseInstallations (~> 10.0)
    - GoogleUtilities/AppDelegateSwizzler (~> 7.11)
    - GoogleUtilities/MethodSwizzler (~> 7.11)
    - GoogleUtilities/Network (~> 7.11)
    - "GoogleUtilities/NSData+zlib (~> 7.11)"
    - nanopb (< 2.30911.0, >= 2.30908.0)
  - FirebaseAnalytics/AdIdSupport (10.25.0):
    - FirebaseCore (~> 10.0)
    - FirebaseInstallations (~> 10.0)
    - GoogleAppMeasurement (= 10.25.0)
    - GoogleUtilities/AppDelegateSwizzler (~> 7.11)
    - GoogleUtilities/MethodSwizzler (~> 7.11)
    - GoogleUtilities/Network (~> 7.11)
    - "GoogleUtilities/NSData+zlib (~> 7.11)"
    - nanopb (< 2.30911.0, >= 2.30908.0)
  - FirebaseCore (10.25.0):
    - FirebaseCoreInternal (~> 10.0)
    - GoogleUtilities/Environment (~> 7.12)
    - GoogleUtilities/Logger (~> 7.12)
  - FirebaseCoreInternal (10.29.0):
    - "GoogleUtilities/NSData+zlib (~> 7.8)"
  - FirebaseInstallations (10.29.0):
    - FirebaseCore (~> 10.0)
    - GoogleUtilities/Environment (~> 7.8)
    - GoogleUtilities/UserDefaults (~> 7.8)
    - PromisesObjC (~> 2.1)
  - Flutter (1.0.0)
  - flutter_secure_storage (6.0.0):
    - Flutter
  - GoogleAppMeasurement (10.25.0):
    - GoogleAppMeasurement/AdIdSupport (= 10.25.0)
    - GoogleUtilities/AppDelegateSwizzler (~> 7.11)
    - GoogleUtilities/MethodSwizzler (~> 7.11)
    - GoogleUtilities/Network (~> 7.11)
    - "GoogleUtilities/NSData+zlib (~> 7.11)"
    - nanopb (< 2.30911.0, >= 2.30908.0)
  - GoogleAppMeasurement/AdIdSupport (10.25.0):
    - GoogleAppMeasurement/WithoutAdIdSupport (= 10.25.0)
    - GoogleUtilities/AppDelegateSwizzler (~> 7.11)
    - GoogleUtilities/MethodSwizzler (~> 7.11)
    - GoogleUtilities/Network (~> 7.11)
    - "GoogleUtilities/NSData+zlib (~> 7.11)"
    - nanopb (< 2.30911.0, >= 2.30908.0)
  - GoogleAppMeasurement/WithoutAdIdSupport (10.25.0):
    - GoogleUtilities/AppDelegateSwizzler (~> 7.11)
    - GoogleUtilities/MethodSwizzler (~> 7.11)
    - GoogleUtilities/Network (~> 7.11)
    - "GoogleUtilities/NSData+zlib (~> 7.11)"
    - nanopb (< 2.30911.0, >= 2.30908.0)
  - GoogleUtilities/AppDelegateSwizzler (7.13.3):
    - GoogleUtilities/Environment
    - GoogleUtilities/Logger
    - GoogleUtilities/Network
    - GoogleUtilities/Privacy
  - GoogleUtilities/Environment (7.13.3):
    - GoogleUtilities/Privacy
    - PromisesObjC (< 3.0, >= 1.2)
  - GoogleUtilities/Logger (7.13.3):
    - GoogleUtilities/Environment
    - GoogleUtilities/Privacy
  - GoogleUtilities/MethodSwizzler (7.13.3):
    - GoogleUtilities/Logger
    - GoogleUtilities/Privacy
  - GoogleUtilities/Network (7.13.3):
    - GoogleUtilities/Logger
    - "GoogleUtilities/NSData+zlib"
    - GoogleUtilities/Privacy
    - GoogleUtilities/Reachability
  - "GoogleUtilities/NSData+zlib (7.13.3)":
    - GoogleUtilities/Privacy
  - GoogleUtilities/Privacy (7.13.3)
  - GoogleUtilities/Reachability (7.13.3):
    - GoogleUtilities/Logger
    - GoogleUtilities/Privacy
  - GoogleUtilities/UserDefaults (7.13.3):
    - GoogleUtilities/Logger
    - GoogleUtilities/Privacy
  - KSCrash/Core (2.1.2)
  - KSCrash/Recording (2.1.2):
    - KSCrash/RecordingCore
  - KSCrash/RecordingCore (2.1.2):
    - KSCrash/Core
  - nanopb (2.30910.0):
    - nanopb/decode (= 2.30910.0)
    - nanopb/encode (= 2.30910.0)
  - nanopb/decode (2.30910.0)
  - nanopb/encode (2.30910.0)
  - path_provider_foundation (0.0.1):
    - Flutter
    - FlutterMacOS
  - PromisesObjC (2.4.0)
  - shared_preferences_foundation (0.0.1):
    - Flutter
    - FlutterMacOS
  - sqflite_darwin (0.0.4):
    - Flutter
    - FlutterMacOS

DEPENDENCIES:
  - appmetrica_plugin (from `.symlinks/plugins/appmetrica_plugin/ios`)
  - firebase_analytics (from `.symlinks/plugins/firebase_analytics/ios`)
  - firebase_core (from `.symlinks/plugins/firebase_core/ios`)
  - Flutter (from `Flutter`)
  - flutter_secure_storage (from `.symlinks/plugins/flutter_secure_storage/ios`)
  - path_provider_foundation (from `.symlinks/plugins/path_provider_foundation/darwin`)
  - shared_preferences_foundation (from `.symlinks/plugins/shared_preferences_foundation/darwin`)
  - sqflite_darwin (from `.symlinks/plugins/sqflite_darwin/darwin`)

SPEC REPOS:
  trunk:
    - AppMetricaAdSupport
    - AppMetricaAnalytics
    - AppMetricaCore
    - AppMetricaCoreExtension
    - AppMetricaCoreUtils
    - AppMetricaCrashes
    - AppMetricaEncodingUtils
    - AppMetricaFMDB
    - AppMetricaHostState
    - AppMetricaIdentifiers
    - AppMetricaIDSync
    - AppMetricaKeychain
    - AppMetricaLibraryAdapter
    - AppMetricaLog
    - AppMetricaLogSwift
    - AppMetricaNetwork
    - AppMetricaPlatform
    - AppMetricaProtobuf
    - AppMetricaProtobufUtils
    - AppMetricaScreenshot
    - AppMetricaStorageUtils
    - AppMetricaSynchronization
    - AppMetricaWebKit
    - Firebase
    - FirebaseAnalytics
    - FirebaseCore
    - FirebaseCoreInternal
    - FirebaseInstallations
    - GoogleAppMeasurement
    - GoogleUtilities
    - KSCrash
    - nanopb
    - PromisesObjC

EXTERNAL SOURCES:
  appmetrica_plugin:
    :path: ".symlinks/plugins/appmetrica_plugin/ios"
  firebase_analytics:
    :path: ".symlinks/plugins/firebase_analytics/ios"
  firebase_core:
    :path: ".symlinks/plugins/firebase_core/ios"
  Flutter:
    :path: Flutter
  flutter_secure_storage:
    :path: ".symlinks/plugins/flutter_secure_storage/ios"
  path_provider_foundation:
    :path: ".symlinks/plugins/path_provider_foundation/darwin"
  shared_preferences_foundation:
    :path: ".symlinks/plugins/shared_preferences_foundation/darwin"
  sqflite_darwin:
    :path: ".symlinks/plugins/sqflite_darwin/darwin"

SPEC CHECKSUMS:
  appmetrica_plugin: 2a19122bfdc28fae59ab170d7b30a9d712434c5c
  AppMetricaAdSupport: b1f4371eb11db6386dd021d9470029900e3eb26c
  AppMetricaAnalytics: 59679f27df598fd82109401059acb079a6982e3d
  AppMetricaCore: 22721f501af9959747d289b2c7c2aeb6c7d24a27
  AppMetricaCoreExtension: 45a2b2e691256b8390012684ed663ecbc0c076dc
  AppMetricaCoreUtils: 0d50f3d4cd7c2c0d521d070e0cc2af4d9892b10d
  AppMetricaCrashes: 059614d0a488af9ad4eeb24ecf870ed8fd7c26e4
  AppMetricaEncodingUtils: 2c69440565bed6ce13150825443e90aeede39a79
  AppMetricaFMDB: 5c05b5f7b4fcc2ef63749df069050d07c129d8d8
  AppMetricaHostState: b3bfb7fa920ce5172a365fd37974f436ee6fb9fe
  AppMetricaIdentifiers: 13bf75fa7fe0ba180f673b76024f9db7445706ef
  AppMetricaIDSync: 53ad71e0f7bb7c5ebfa7f4e9ceb370cd67210362
  AppMetricaKeychain: 9ce8e22af9792732c2a5f913cbd24b702cc542e1
  AppMetricaLibraryAdapter: d6d24b8e11cd879ed458be14364e5f2328488dcd
  AppMetricaLog: b570ba93b6cbdb2c43189edf00c9afa0adb84ee9
  AppMetricaLogSwift: 7dc596d8c90ce2dee1bda678b6ae1840a37d3ff9
  AppMetricaNetwork: 6132d1a0686c884790bc28409bb650b1315824b9
  AppMetricaPlatform: 16237b1e9877d7d9dcb1e3c088f366b8160fa8f5
  AppMetricaProtobuf: bcbc3129457aeeaae860c6d818f4ea416bffc0ce
  AppMetricaProtobufUtils: a54dfffbae870daad8a73d2bd8f0d328da94717b
  AppMetricaScreenshot: 4582401cf9e5c85bd22b2c0adbae96249c9a6eb0
  AppMetricaStorageUtils: defb3063fbf63c18aab8d54d87269348325816dc
  AppMetricaSynchronization: 459495f1c9bc10754375ef2b84e427085b3060a6
  AppMetricaWebKit: ea18edee9a1f742f0015888ec97b64e215f88b65
  Firebase: 0312a2352584f782ea56f66d91606891d4607f06
  firebase_analytics: e7280be84e7ff1c1e5859bd8e48de410b07e0b73
  firebase_core: 3b49a055ff54114cae400581c13671fe53936c36
  FirebaseAnalytics: ec00fe8b93b41dc6fe4a28784b8e51da0647a248
  FirebaseCore: 7ec4d0484817f12c3373955bc87762d96842d483
  FirebaseCoreInternal: df84dd300b561c27d5571684f389bf60b0a5c934
  FirebaseInstallations: 913cf60d0400ebd5d6b63a28b290372ab44590dd
  Flutter: cabc95a1d2626b1b06e7179b784ebcf0c0cde467
  flutter_secure_storage: 1ed9476fba7e7a782b22888f956cce43e2c62f13
  GoogleAppMeasurement: 9abf64b682732fed36da827aa2a68f0221fd2356
  GoogleUtilities: ea963c370a38a8069cc5f7ba4ca849a60b6d7d15
  KSCrash: bd950ede6c40a50bfc9f246c38a7f3408705fa3c
  nanopb: 438bc412db1928dac798aa6fd75726007be04262
  path_provider_foundation: bb55f6dbba17d0dccd6737fe6f7f34fbd0376880
  PromisesObjC: f5707f49cb48b9636751c5b2e7d227e43fba9f47
  shared_preferences_foundation: 7036424c3d8ec98dfe75ff1667cb0cd531ec82bb
  sqflite_darwin: 20b2a3a3b70e43edae938624ce550a3cbf66a3d0

PODFILE CHECKSUM: 3c63482e143d1b91d2d2560aee9fb04ecc74ac7e

COCOAPODS: 1.16.2
